
Microsoft Visual Studio Solution File, Format Version 12.00
# Visual Studio Version 17
VisualStudioVersion = 17.7.34202.233
MinimumVisualStudioVersion = 10.0.40219.1
Project("{FAE04EC0-301F-11D3-BF4B-00C04F79EFBC}") = "SurveyTask", "SurveyTask\SurveyTask.csproj", "{BBD4C7CE-9314-442C-B9B9-64C083EED928}"
EndProject
Global
	GlobalSection(SolutionConfigurationPlatforms) = preSolution
		Debug|Any CPU = Debug|Any CPU
		Release|Any CPU = Release|Any CPU
	EndGlobalSection
	GlobalSection(ProjectConfigurationPlatforms) = postSolution
		{BBD4C7CE-9314-442C-B9B9-64C083EED928}.Debug|Any CPU.ActiveCfg = Debug|Any CPU
		{BBD4C7CE-9314-442C-B9B9-64C083EED928}.Debug|Any CPU.Build.0 = Debug|Any CPU
		{BBD4C7CE-9314-442C-B9B9-64C083EED928}.Release|Any CPU.ActiveCfg = Release|Any CPU
		{BBD4C7CE-9314-442C-B9B9-64C083EED928}.Release|Any CPU.Build.0 = Release|Any CPU
	EndGlobalSection
	GlobalSection(SolutionProperties) = preSolution
		HideSolutionNode = FALSE
	EndGlobalSection
	GlobalSection(ExtensibilityGlobals) = postSolution
		SolutionGuid = {DC3BBA40-75DE-46B3-BFD0-4F6338E578DE}
	EndGlobalSection
EndGlobal
